
Microsoft Visual Studio Solution File, Format Version 12.00
# Visual Studio 2012
Project("{FAE04EC0-301F-11D3-BF4B-00C04F79EFBC}") = "Blood_bank", "Blood_bank\Blood_bank.csproj", "{9252CCE5-AD71-497A-BFC1-64726D4EE06A}"
EndProject
Global
	GlobalSection(SolutionConfigurationPlatforms) = preSolution
		Debug|Any CPU = Debug|Any CPU
		Release|Any CPU = Release|Any CPU
	EndGlobalSection
	GlobalSection(ProjectConfigurationPlatforms) = postSolution
		{9252CCE5-AD71-497A-BFC1-64726D4EE06A}.Debug|Any CPU.ActiveCfg = Debug|Any CPU
		{9252CCE5-AD71-497A-BFC1-64726D4EE06A}.Debug|Any CPU.Build.0 = Debug|Any CPU
		{9252CCE5-AD71-497A-BFC1-64726D4EE06A}.Release|Any CPU.ActiveCfg = Release|Any CPU
		{9252CCE5-AD71-497A-BFC1-64726D4EE06A}.Release|Any CPU.Build.0 = Release|Any CPU
	EndGlobalSection
	GlobalSection(SolutionProperties) = preSolution
		HideSolutionNode = FALSE
	EndGlobalSection
EndGlobal
